{
  "name": "shorevest-recruitment-functions",
  "version": "0.1.0",
  "lockfileVersion": 3,
  "requires": true,
  "packages": {
    "": {
      "name": "shorevest-recruitment-functions",
      "version": "0.1.0",
      "engines": { "node": "24.x" },
      "dependencies": {
        "@azure/cosmos": "4.4.1",
        "@azure/functions": "4.7.3",
        "@azure/identity": "4.10.2",
        "@azure/keyvault-secrets": "4.10.0",
        "@azure/storage-blob": "12.28.0",
        "ajv": "8.17.1",
        "ajv-formats": "3.0.1"
      }
    }
  }
}
